{
  "name": "hatakoto-generator",
  "version": "0.0.1",
  "lockfileVersion": 1,
  "requires": true,
  "dependencies": {
    "@ionic/core": {
      "version": "4.5.0-dev.201906101548.7af9cb2",
      "resolved": "https://registry.npmjs.org/@ionic/core/-/core-4.5.0-dev.201906101548.7af9cb2.tgz",
      "integrity": "sha512-DIawJt3/suxHXCkn2GtF/Vtt0JA59LZcQ0J2xq7Gg4f+u8w/ZvzvyJwPJhu+fiYQRzSi9Shq6PArZ62P09hH+w==",
      "requires": {
        "ionicons": "4.5.9-1",
        "tslib": "^1.9.3"
      }
    },
    "@stencil/core": {
      "version": "1.0.0-beta.8",
      "resolved": "https://registry.npmjs.org/@stencil/core/-/core-1.0.0-beta.8.tgz",
      "integrity": "sha512-iUeSVJL6lw7Q5gRI/2rKcZkvSd8XfvUvJLjgEH7292usWgfu4sDbjF5r45CmJa1GpsnXSyNZb3e4XWW2mWIr9Q==",
      "dev": true,
      "requires": {
        "typescript": "3.5.1"
      }
    },
    "@stencil/sass": {
      "version": "1.0.0",
      "resolved": "https://registry.npmjs.org/@stencil/sass/-/sass-1.0.0.tgz",
      "integrity": "sha512-dDCMuu84VgtuCwT26PPQUHgXUZI0jzUHN8GlF9z3NRQsdDjCHA2Vvi32hti2/ZQg69v/jXbOClrITzikfB9OhA=="
    },
    "ionicons": {
      "version": "4.5.9-1",
      "resolved": "https://registry.npmjs.org/ionicons/-/ionicons-4.5.9-1.tgz",
      "integrity": "sha512-jR95cFGkPwNoH3MmoMF7qO+wMRgr7RdDG4Zuy+3WA6dnochfaZ1BisIC1TB3XLydy5cShxAK5eHqaSHcRkUHPQ=="
    },
    "tslib": {
      "version": "1.10.0",
      "resolved": "https://registry.npmjs.org/tslib/-/tslib-1.10.0.tgz",
      "integrity": "sha512-qOebF53frne81cf0S9B41ByenJ3/IuH8yJKngAX35CmiZySA0khhkovshKK+jGCaMnVomla7gVlIcc3EvKPbTQ=="
    },
    "typescript": {
      "version": "3.5.1",
      "resolved": "https://registry.npmjs.org/typescript/-/typescript-3.5.1.tgz",
      "integrity": "sha512-64HkdiRv1yYZsSe4xC1WVgamNigVYjlssIoaH2HcZF0+ijsk5YK2g0G34w9wJkze8+5ow4STd22AynfO6ZYYLw==",
      "dev": true
    }
  }
}
